{
  "requires": true,
  "lockfileVersion": 1,
  "dependencies": {
    "ng2-ckeditor": {
      "version": "1.1.9",
      "resolved": "https://registry.npmjs.org/ng2-ckeditor/-/ng2-ckeditor-1.1.9.tgz",
      "integrity": "sha512-CkxiEqsB67osdc+Uh9N6UamTf0ZzfOB+iNWWFIrMDvwYrfHnYPJLfJt6NOEafEnCui7zbDS/Llyv5UNkjbBUrA=="
    },
    "underscore": {
      "version": "https://registry.npmjs.org/underscore/-/underscore-1.8.3.tgz",
      "integrity": "sha1-Tz+1OxBuYJf8+ctBCfKl6b36UCI="
    }
  }
}
